// !$*UTF8*$!
{
	archiveVersion = 1;
	classes = {
	};
	objectVersion = 56;
	objects = {

/* Begin PBXBuildFile section */
		7483617A2CA4626F00B295F0 /* LandmarksApp.swift in Sources */ = {isa = PBXBuildFile; fileRef = 748361792CA4626F00B295F0 /* LandmarksApp.swift */; };
		7483617C2CA4626F00B295F0 /* ContentView.swift in Sources */ = {isa = PBXBuildFile; fileRef = 7483617B2CA4626F00B295F0 /* ContentView.swift */; };
		7483617E2CA4627000B295F0 /* Assets.xcassets in Resources */ = {isa = PBXBuildFile; fileRef = 7483617D2CA4627000B295F0 /* Assets.xcassets */; };
		748361812CA4627000B295F0 /* Preview Assets.xcassets in Resources */ = {isa = PBXBuildFile; fileRef = 748361802CA4627000B295F0 /* Preview Assets.xcassets */; };
		748361882CA466BD00B295F0 /* CircleImage.swift in Sources */ = {isa = PBXBuildFile; fileRef = 748361872CA466BD00B295F0 /* CircleImage.swift */; };
		7483618A2CA468CA00B295F0 /* MapView.swift in Sources */ = {isa = PBXBuildFile; fileRef = 748361892CA468CA00B295F0 /* MapView.swift */; };
		7483618C2CA47F8400B295F0 /* landmarkData.json in Resources */ = {isa = PBXBuildFile; fileRef = 7483618B2CA47F8400B295F0 /* landmarkData.json */; };
		7483618E2CA47FBA00B295F0 /* Landmark.swift in Sources */ = {isa = PBXBuildFile; fileRef = 7483618D2CA47FBA00B295F0 /* Landmark.swift */; };
		748361902CA482AB00B295F0 /* ModelData.swift in Sources */ = {isa = PBXBuildFile; fileRef = 7483618F2CA482AB00B295F0 /* ModelData.swift */; };
		748361962CA4864800B295F0 /* LandmarkRow.swift in Sources */ = {isa = PBXBuildFile; fileRef = 748361952CA4864800B295F0 /* LandmarkRow.swift */; };
		748361982CA5944500B295F0 /* LandmarkList.swift in Sources */ = {isa = PBXBuildFile; fileRef = 748361972CA5944500B295F0 /* LandmarkList.swift */; };
		7483619A2CA595FE00B295F0 /* LandmarkDetail.swift in Sources */ = {isa = PBXBuildFile; fileRef = 748361992CA595FE00B295F0 /* LandmarkDetail.swift */; };
		7483619C2CA5A67000B295F0 /* FavoriteButton.swift in Sources */ = {isa = PBXBuildFile; fileRef = 7483619B2CA5A67000B295F0 /* FavoriteButton.swift */; };
		748361A02CA6BCA400B295F0 /* HexagonParameters.swift in Sources */ = {isa = PBXBuildFile; fileRef = 7483619F2CA6BCA400B295F0 /* HexagonParameters.swift */; };
		748361A22CA6D77E00B295F0 /* BadgeBackground.swift in Sources */ = {isa = PBXBuildFile; fileRef = 748361A12CA6D77E00B295F0 /* BadgeBackground.swift */; };
		748361A42CA6DEBB00B295F0 /* BadgeSymbol.swift in Sources */ = {isa = PBXBuildFile; fileRef = 748361A32CA6DEBB00B295F0 /* BadgeSymbol.swift */; };
		748361A62CA6E04D00B295F0 /* RotatedBudgeSymbol.swift in Sources */ = {isa = PBXBuildFile; fileRef = 748361A52CA6E04D00B295F0 /* RotatedBudgeSymbol.swift */; };
		748361A82CA6E12600B295F0 /* Badge.swift in Sources */ = {isa = PBXBuildFile; fileRef = 748361A72CA6E12600B295F0 /* Badge.swift */; };
		748361AB2CA6E67800B295F0 /* hikeData.json in Resources */ = {isa = PBXBuildFile; fileRef = 748361AA2CA6E67800B295F0 /* hikeData.json */; };
		748361AD2CA6E6F000B295F0 /* Hike.swift in Sources */ = {isa = PBXBuildFile; fileRef = 748361AC2CA6E6F000B295F0 /* Hike.swift */; };
		748361B32CA6E93000B295F0 /* GraphCapsule.swift in Sources */ = {isa = PBXBuildFile; fileRef = 748361AE2CA6E92F00B295F0 /* GraphCapsule.swift */; };
		748361B42CA6E93000B295F0 /* HikeDetail.swift in Sources */ = {isa = PBXBuildFile; fileRef = 748361AF2CA6E92F00B295F0 /* HikeDetail.swift */; };
		748361B52CA6E93000B295F0 /* HikeGraph.swift in Sources */ = {isa = PBXBuildFile; fileRef = 748361B02CA6E92F00B295F0 /* HikeGraph.swift */; };
		748361B62CA6E93000B295F0 /* HikeView.swift in Sources */ = {isa = PBXBuildFile; fileRef = 748361B12CA6E92F00B295F0 /* HikeView.swift */; };
		748361B92CA6F3F100B295F0 /* CategoryHome.swift in Sources */ = {isa = PBXBuildFile; fileRef = 748361B82CA6F3F100B295F0 /* CategoryHome.swift */; };
		748361BC2CA6F6F500B295F0 /* CategoryRow.swift in Sources */ = {isa = PBXBuildFile; fileRef = 748361BB2CA6F6F500B295F0 /* CategoryRow.swift */; };
		748361BE2CA6F93100B295F0 /* CategoryItem.swift in Sources */ = {isa = PBXBuildFile; fileRef = 748361BD2CA6F93100B295F0 /* CategoryItem.swift */; };
		748361C02CA8135B00B295F0 /* Profile.swift in Sources */ = {isa = PBXBuildFile; fileRef = 748361BF2CA8135B00B295F0 /* Profile.swift */; };
		748361C22CA815D700B295F0 /* ProfileHost.swift in Sources */ = {isa = PBXBuildFile; fileRef = 748361C12CA815D700B295F0 /* ProfileHost.swift */; };
		748361C72CA816BC00B295F0 /* ProfileSummary.swift in Sources */ = {isa = PBXBuildFile; fileRef = 748361C62CA816BC00B295F0 /* ProfileSummary.swift */; };
		748361C92CA8191000B295F0 /* HikeBadge.swift in Sources */ = {isa = PBXBuildFile; fileRef = 748361C82CA8191000B295F0 /* HikeBadge.swift */; };
		748361CB2CA81FF500B295F0 /* ProfileEditor.swift in Sources */ = {isa = PBXBuildFile; fileRef = 748361CA2CA81FF500B295F0 /* ProfileEditor.swift */; };
		748361CD2CA83C2400B295F0 /* PageViewController.swift in Sources */ = {isa = PBXBuildFile; fileRef = 748361CC2CA83C2400B295F0 /* PageViewController.swift */; };
		748361D02CA83EFD00B295F0 /* FeatureCard.swift in Sources */ = {isa = PBXBuildFile; fileRef = 748361CF2CA83EFD00B295F0 /* FeatureCard.swift */; };
		748361D22CA8415400B295F0 /* PageView.swift in Sources */ = {isa = PBXBuildFile; fileRef = 748361D12CA8415400B295F0 /* PageView.swift */; };
		748361D42CA8464500B295F0 /* PageControll.swift in Sources */ = {isa = PBXBuildFile; fileRef = 748361D32CA8464500B295F0 /* PageControll.swift */; };
		748361DE2CAAB98A00B295F0 /* ContentView.swift in Sources */ = {isa = PBXBuildFile; fileRef = 748361DD2CAAB98A00B295F0 /* ContentView.swift */; };
		748361E02CAAB98C00B295F0 /* Assets.xcassets in Resources */ = {isa = PBXBuildFile; fileRef = 748361DF2CAAB98C00B295F0 /* Assets.xcassets */; };
		748361E32CAAB98C00B295F0 /* Preview Assets.xcassets in Resources */ = {isa = PBXBuildFile; fileRef = 748361E22CAAB98C00B295F0 /* Preview Assets.xcassets */; };
		748361E62CAAB98C00B295F0 /* WatchLandmarks Watch App.app in Embed Watch Content */ = {isa = PBXBuildFile; fileRef = 748361D92CAAB98A00B295F0 /* WatchLandmarks Watch App.app */; settings = {ATTRIBUTES = (RemoveHeadersOnCopy, ); }; };
		748361EB2CAAC25400B295F0 /* ModelData.swift in Sources */ = {isa = PBXBuildFile; fileRef = 7483618F2CA482AB00B295F0 /* ModelData.swift */; };
		748361EC2CAAC25400B295F0 /* MapView.swift in Sources */ = {isa = PBXBuildFile; fileRef = 748361892CA468CA00B295F0 /* MapView.swift */; };
		748361ED2CAAC25400B295F0 /* Profile.swift in Sources */ = {isa = PBXBuildFile; fileRef = 748361BF2CA8135B00B295F0 /* Profile.swift */; };
		748361EE2CAAC25400B295F0 /* LandmarksApp.swift in Sources */ = {isa = PBXBuildFile; fileRef = 748361792CA4626F00B295F0 /* LandmarksApp.swift */; };
		748361EF2CAAC25400B295F0 /* Hike.swift in Sources */ = {isa = PBXBuildFile; fileRef = 748361AC2CA6E6F000B295F0 /* Hike.swift */; };
		748361F02CAAC25400B295F0 /* LandmarkList.swift in Sources */ = {isa = PBXBuildFile; fileRef = 748361972CA5944500B295F0 /* LandmarkList.swift */; };
		748361F12CAAC25400B295F0 /* LandmarkRow.swift in Sources */ = {isa = PBXBuildFile; fileRef = 748361952CA4864800B295F0 /* LandmarkRow.swift */; };
		748361F22CAAC25400B295F0 /* Landmark.swift in Sources */ = {isa = PBXBuildFile; fileRef = 7483618D2CA47FBA00B295F0 /* Landmark.swift */; };
		748361F32CAAC25400B295F0 /* CircleImage.swift in Sources */ = {isa = PBXBuildFile; fileRef = 748361872CA466BD00B295F0 /* CircleImage.swift */; };
		748361F42CAAC25400B295F0 /* hikeData.json in Resources */ = {isa = PBXBuildFile; fileRef = 748361AA2CA6E67800B295F0 /* hikeData.json */; };
		748361F52CAAC25400B295F0 /* Assets.xcassets in Resources */ = {isa = PBXBuildFile; fileRef = 7483617D2CA4627000B295F0 /* Assets.xcassets */; };
		748361F62CAAC25400B295F0 /* landmarkData.json in Resources */ = {isa = PBXBuildFile; fileRef = 7483618B2CA47F8400B295F0 /* landmarkData.json */; };
		748361F82CAAC33200B295F0 /* LandmarkDetail.swift in Sources */ = {isa = PBXBuildFile; fileRef = 748361F72CAAC33200B295F0 /* LandmarkDetail.swift */; };
		748361FA2CAACD0800B295F0 /* NotificationView.swift in Sources */ = {isa = PBXBuildFile; fileRef = 748361F92CAACD0800B295F0 /* NotificationView.swift */; };
		74905FFC2CAAD39000C20983 /* NotificationController.swift in Sources */ = {isa = PBXBuildFile; fileRef = 74905FFB2CAAD39000C20983 /* NotificationController.swift */; };
/* End PBXBuildFile section */

/* Begin PBXContainerItemProxy section */
		748361E42CAAB98C00B295F0 /* PBXContainerItemProxy */ = {
			isa = PBXContainerItemProxy;
			containerPortal = 7483616E2CA4626F00B295F0 /* Project object */;
			proxyType = 1;
			remoteGlobalIDString = 748361D82CAAB98A00B295F0;
			remoteInfo = "WatchLandmarks Watch App";
		};
/* End PBXContainerItemProxy section */

/* Begin PBXCopyFilesBuildPhase section */
		748361EA2CAAB98C00B295F0 /* Embed Watch Content */ = {
			isa = PBXCopyFilesBuildPhase;
			buildActionMask = 2147483647;
			dstPath = "$(CONTENTS_FOLDER_PATH)/Watch";
			dstSubfolderSpec = 16;
			files = (
				748361E62CAAB98C00B295F0 /* WatchLandmarks Watch App.app in Embed Watch Content */,
			);
			name = "Embed Watch Content";
			runOnlyForDeploymentPostprocessing = 0;
		};
/* End PBXCopyFilesBuildPhase section */

/* Begin PBXFileReference section */
		748361762CA4626F00B295F0 /* Landmarks.app */ = {isa = PBXFileReference; explicitFileType = wrapper.application; includeInIndex = 0; path = Landmarks.app; sourceTree = BUILT_PRODUCTS_DIR; };
		748361792CA4626F00B295F0 /* LandmarksApp.swift */ = {isa = PBXFileReference; lastKnownFileType = sourcecode.swift; path = LandmarksApp.swift; sourceTree = "<group>"; };
		7483617B2CA4626F00B295F0 /* ContentView.swift */ = {isa = PBXFileReference; lastKnownFileType = sourcecode.swift; path = ContentView.swift; sourceTree = "<group>"; };
		7483617D2CA4627000B295F0 /* Assets.xcassets */ = {isa = PBXFileReference; lastKnownFileType = folder.assetcatalog; path = Assets.xcassets; sourceTree = "<group>"; };
		748361802CA4627000B295F0 /* Preview Assets.xcassets */ = {isa = PBXFileReference; lastKnownFileType = folder.assetcatalog; path = "Preview Assets.xcassets"; sourceTree = "<group>"; };
		748361872CA466BD00B295F0 /* CircleImage.swift */ = {isa = PBXFileReference; lastKnownFileType = sourcecode.swift; path = CircleImage.swift; sourceTree = "<group>"; };
		748361892CA468CA00B295F0 /* MapView.swift */ = {isa = PBXFileReference; lastKnownFileType = sourcecode.swift; path = MapView.swift; sourceTree = "<group>"; };
		7483618B2CA47F8400B295F0 /* landmarkData.json */ = {isa = PBXFileReference; fileEncoding = 4; lastKnownFileType = text.json; path = landmarkData.json; sourceTree = "<group>"; };
		7483618D2CA47FBA00B295F0 /* Landmark.swift */ = {isa = PBXFileReference; lastKnownFileType = sourcecode.swift; path = Landmark.swift; sourceTree = "<group>"; };
		7483618F2CA482AB00B295F0 /* ModelData.swift */ = {isa = PBXFileReference; lastKnownFileType = sourcecode.swift; path = ModelData.swift; sourceTree = "<group>"; };
		748361952CA4864800B295F0 /* LandmarkRow.swift */ = {isa = PBXFileReference; lastKnownFileType = sourcecode.swift; path = LandmarkRow.swift; sourceTree = "<group>"; };
		748361972CA5944500B295F0 /* LandmarkList.swift */ = {isa = PBXFileReference; lastKnownFileType = sourcecode.swift; path = LandmarkList.swift; sourceTree = "<group>"; };
		748361992CA595FE00B295F0 /* LandmarkDetail.swift */ = {isa = PBXFileReference; lastKnownFileType = sourcecode.swift; path = LandmarkDetail.swift; sourceTree = "<group>"; };
		7483619B2CA5A67000B295F0 /* FavoriteButton.swift */ = {isa = PBXFileReference; lastKnownFileType = sourcecode.swift; path = FavoriteButton.swift; sourceTree = "<group>"; };
		7483619F2CA6BCA400B295F0 /* HexagonParameters.swift */ = {isa = PBXFileReference; lastKnownFileType = sourcecode.swift; path = HexagonParameters.swift; sourceTree = "<group>"; };
		748361A12CA6D77E00B295F0 /* BadgeBackground.swift */ = {isa = PBXFileReference; lastKnownFileType = sourcecode.swift; path = BadgeBackground.swift; sourceTree = "<group>"; };
		748361A32CA6DEBB00B295F0 /* BadgeSymbol.swift */ = {isa = PBXFileReference; lastKnownFileType = sourcecode.swift; path = BadgeSymbol.swift; sourceTree = "<group>"; };
		748361A52CA6E04D00B295F0 /* RotatedBudgeSymbol.swift */ = {isa = PBXFileReference; lastKnownFileType = sourcecode.swift; path = RotatedBudgeSymbol.swift; sourceTree = "<group>"; };
		748361A72CA6E12600B295F0 /* Badge.swift */ = {isa = PBXFileReference; lastKnownFileType = sourcecode.swift; path = Badge.swift; sourceTree = "<group>"; };
		748361AA2CA6E67800B295F0 /* hikeData.json */ = {isa = PBXFileReference; fileEncoding = 4; lastKnownFileType = text.json; path = hikeData.json; sourceTree = "<group>"; };
		748361AC2CA6E6F000B295F0 /* Hike.swift */ = {isa = PBXFileReference; lastKnownFileType = sourcecode.swift; path = Hike.swift; sourceTree = "<group>"; };
		748361AE2CA6E92F00B295F0 /* GraphCapsule.swift */ = {isa = PBXFileReference; fileEncoding = 4; lastKnownFileType = sourcecode.swift; path = GraphCapsule.swift; sourceTree = "<group>"; };
		748361AF2CA6E92F00B295F0 /* HikeDetail.swift */ = {isa = PBXFileReference; fileEncoding = 4; lastKnownFileType = sourcecode.swift; path = HikeDetail.swift; sourceTree = "<group>"; };
		748361B02CA6E92F00B295F0 /* HikeGraph.swift */ = {isa = PBXFileReference; fileEncoding = 4; lastKnownFileType = sourcecode.swift; path = HikeGraph.swift; sourceTree = "<group>"; };
		748361B12CA6E92F00B295F0 /* HikeView.swift */ = {isa = PBXFileReference; fileEncoding = 4; lastKnownFileType = sourcecode.swift; path = HikeView.swift; sourceTree = "<group>"; };
		748361B82CA6F3F100B295F0 /* CategoryHome.swift */ = {isa = PBXFileReference; lastKnownFileType = sourcecode.swift; path = CategoryHome.swift; sourceTree = "<group>"; };
		748361BB2CA6F6F500B295F0 /* CategoryRow.swift */ = {isa = PBXFileReference; lastKnownFileType = sourcecode.swift; path = CategoryRow.swift; sourceTree = "<group>"; };
		748361BD2CA6F93100B295F0 /* CategoryItem.swift */ = {isa = PBXFileReference; lastKnownFileType = sourcecode.swift; path = CategoryItem.swift; sourceTree = "<group>"; };
		748361BF2CA8135B00B295F0 /* Profile.swift */ = {isa = PBXFileReference; lastKnownFileType = sourcecode.swift; path = Profile.swift; sourceTree = "<group>"; };
		748361C12CA815D700B295F0 /* ProfileHost.swift */ = {isa = PBXFileReference; lastKnownFileType = sourcecode.swift; path = ProfileHost.swift; sourceTree = "<group>"; };
		748361C62CA816BC00B295F0 /* ProfileSummary.swift */ = {isa = PBXFileReference; lastKnownFileType = sourcecode.swift; path = ProfileSummary.swift; sourceTree = "<group>"; };
		748361C82CA8191000B295F0 /* HikeBadge.swift */ = {isa = PBXFileReference; lastKnownFileType = sourcecode.swift; path = HikeBadge.swift; sourceTree = "<group>"; };
		748361CA2CA81FF500B295F0 /* ProfileEditor.swift */ = {isa = PBXFileReference; lastKnownFileType = sourcecode.swift; path = ProfileEditor.swift; sourceTree = "<group>"; };
		748361CC2CA83C2400B295F0 /* PageViewController.swift */ = {isa = PBXFileReference; lastKnownFileType = sourcecode.swift; path = PageViewController.swift; sourceTree = "<group>"; };
		748361CF2CA83EFD00B295F0 /* FeatureCard.swift */ = {isa = PBXFileReference; lastKnownFileType = sourcecode.swift; path = FeatureCard.swift; sourceTree = "<group>"; };
		748361D12CA8415400B295F0 /* PageView.swift */ = {isa = PBXFileReference; lastKnownFileType = sourcecode.swift; path = PageView.swift; sourceTree = "<group>"; };
		748361D32CA8464500B295F0 /* PageControll.swift */ = {isa = PBXFileReference; lastKnownFileType = sourcecode.swift; path = PageControll.swift; sourceTree = "<group>"; };
		748361D92CAAB98A00B295F0 /* WatchLandmarks Watch App.app */ = {isa = PBXFileReference; explicitFileType = wrapper.application; includeInIndex = 0; path = "WatchLandmarks Watch App.app"; sourceTree = BUILT_PRODUCTS_DIR; };
		748361DD2CAAB98A00B295F0 /* ContentView.swift */ = {isa = PBXFileReference; lastKnownFileType = sourcecode.swift; path = ContentView.swift; sourceTree = "<group>"; };
		748361DF2CAAB98C00B295F0 /* Assets.xcassets */ = {isa = PBXFileReference; lastKnownFileType = folder.assetcatalog; path = Assets.xcassets; sourceTree = "<group>"; };
		748361E22CAAB98C00B295F0 /* Preview Assets.xcassets */ = {isa = PBXFileReference; lastKnownFileType = folder.assetcatalog; path = "Preview Assets.xcassets"; sourceTree = "<group>"; };
		748361F72CAAC33200B295F0 /* LandmarkDetail.swift */ = {isa = PBXFileReference; lastKnownFileType = sourcecode.swift; path = LandmarkDetail.swift; sourceTree = "<group>"; };
		748361F92CAACD0800B295F0 /* NotificationView.swift */ = {isa = PBXFileReference; lastKnownFileType = sourcecode.swift; path = NotificationView.swift; sourceTree = "<group>"; };
		74905FFB2CAAD39000C20983 /* NotificationController.swift */ = {isa = PBXFileReference; lastKnownFileType = sourcecode.swift; path = NotificationController.swift; sourceTree = "<group>"; };
		74905FFD2CAAD63B00C20983 /* PushNotificationPayload.apns */ = {isa = PBXFileReference; lastKnownFileType = text; path = PushNotificationPayload.apns; sourceTree = "<group>"; };
/* End PBXFileReference section */

/* Begin PBXFrameworksBuildPhase section */
		748361732CA4626F00B295F0 /* Frameworks */ = {
			isa = PBXFrameworksBuildPhase;
			buildActionMask = 2147483647;
			files = (
			);
			runOnlyForDeploymentPostprocessing = 0;
		};
		748361D62CAAB98A00B295F0 /* Frameworks */ = {
			isa = PBXFrameworksBuildPhase;
			buildActionMask = 2147483647;
			files = (
			);
			runOnlyForDeploymentPostprocessing = 0;
		};
/* End PBXFrameworksBuildPhase section */

/* Begin PBXGroup section */
		7483616D2CA4626F00B295F0 = {
			isa = PBXGroup;
			children = (
				748361782CA4626F00B295F0 /* Landmarks */,
				748361DA2CAAB98A00B295F0 /* WatchLandmarks Watch App */,
				748361772CA4626F00B295F0 /* Products */,
			);
			sourceTree = "<group>";
		};
		748361772CA4626F00B295F0 /* Products */ = {
			isa = PBXGroup;
			children = (
				748361762CA4626F00B295F0 /* Landmarks.app */,
				748361D92CAAB98A00B295F0 /* WatchLandmarks Watch App.app */,
			);
			name = Products;
			sourceTree = "<group>";
		};
		748361782CA4626F00B295F0 /* Landmarks */ = {
			isa = PBXGroup;
			children = (
				748361792CA4626F00B295F0 /* LandmarksApp.swift */,
				748361922CA485AF00B295F0 /* Models */,
				748361932CA485BC00B295F0 /* Views */,
				748361942CA485DA00B295F0 /* Resourses */,
				7483617F2CA4627000B295F0 /* Preview Content */,
			);
			path = Landmarks;
			sourceTree = "<group>";
		};
		7483617F2CA4627000B295F0 /* Preview Content */ = {
			isa = PBXGroup;
			children = (
				748361802CA4627000B295F0 /* Preview Assets.xcassets */,
			);
			path = "Preview Content";
			sourceTree = "<group>";
		};
		748361922CA485AF00B295F0 /* Models */ = {
			isa = PBXGroup;
			children = (
				7483618D2CA47FBA00B295F0 /* Landmark.swift */,
				7483618F2CA482AB00B295F0 /* ModelData.swift */,
				748361AC2CA6E6F000B295F0 /* Hike.swift */,
				748361BF2CA8135B00B295F0 /* Profile.swift */,
			);
			path = Models;
			sourceTree = "<group>";
		};
		748361932CA485BC00B295F0 /* Views */ = {
			isa = PBXGroup;
			children = (
				7483617B2CA4626F00B295F0 /* ContentView.swift */,
				748361CE2CA83C2C00B295F0 /* PageView */,
				748361C32CA815DD00B295F0 /* Profiles */,
				748361BA2CA6F3F800B295F0 /* Categories */,
				748361B22CA6E92F00B295F0 /* Hikes */,
				748361A92CA6E2F200B295F0 /* Badges */,
				7483619D2CA5A7C900B295F0 /* Landmarks */,
				7483619E2CA5A7DE00B295F0 /* Helper */,
			);
			path = Views;
			sourceTree = "<group>";
		};
		748361942CA485DA00B295F0 /* Resourses */ = {
			isa = PBXGroup;
			children = (
				748361AA2CA6E67800B295F0 /* hikeData.json */,
				7483618B2CA47F8400B295F0 /* landmarkData.json */,
				7483617D2CA4627000B295F0 /* Assets.xcassets */,
			);
			path = Resourses;
			sourceTree = "<group>";
		};
		7483619D2CA5A7C900B295F0 /* Landmarks */ = {
			isa = PBXGroup;
			children = (
				748361952CA4864800B295F0 /* LandmarkRow.swift */,
				748361972CA5944500B295F0 /* LandmarkList.swift */,
				748361992CA595FE00B295F0 /* LandmarkDetail.swift */,
			);
			path = Landmarks;
			sourceTree = "<group>";
		};
		7483619E2CA5A7DE00B295F0 /* Helper */ = {
			isa = PBXGroup;
			children = (
				748361872CA466BD00B295F0 /* CircleImage.swift */,
				748361892CA468CA00B295F0 /* MapView.swift */,
				7483619B2CA5A67000B295F0 /* FavoriteButton.swift */,
			);
			path = Helper;
			sourceTree = "<group>";
		};
		748361A92CA6E2F200B295F0 /* Badges */ = {
			isa = PBXGroup;
			children = (
				7483619F2CA6BCA400B295F0 /* HexagonParameters.swift */,
				748361A12CA6D77E00B295F0 /* BadgeBackground.swift */,
				748361A32CA6DEBB00B295F0 /* BadgeSymbol.swift */,
				748361A52CA6E04D00B295F0 /* RotatedBudgeSymbol.swift */,
				748361A72CA6E12600B295F0 /* Badge.swift */,
			);
			path = Badges;
			sourceTree = "<group>";
		};
		748361B22CA6E92F00B295F0 /* Hikes */ = {
			isa = PBXGroup;
			children = (
				748361AE2CA6E92F00B295F0 /* GraphCapsule.swift */,
				748361AF2CA6E92F00B295F0 /* HikeDetail.swift */,
				748361B02CA6E92F00B295F0 /* HikeGraph.swift */,
				748361B12CA6E92F00B295F0 /* HikeView.swift */,
				748361C82CA8191000B295F0 /* HikeBadge.swift */,
			);
			path = Hikes;
			sourceTree = "<group>";
		};
		748361BA2CA6F3F800B295F0 /* Categories */ = {
			isa = PBXGroup;
			children = (
				748361B82CA6F3F100B295F0 /* CategoryHome.swift */,
				748361BB2CA6F6F500B295F0 /* CategoryRow.swift */,
				748361BD2CA6F93100B295F0 /* CategoryItem.swift */,
			);
			path = Categories;
			sourceTree = "<group>";
		};
		748361C32CA815DD00B295F0 /* Profiles */ = {
			isa = PBXGroup;
			children = (
				748361C12CA815D700B295F0 /* ProfileHost.swift */,
				748361C62CA816BC00B295F0 /* ProfileSummary.swift */,
				748361CA2CA81FF500B295F0 /* ProfileEditor.swift */,
			);
			path = Profiles;
			sourceTree = "<group>";
		};
		748361CE2CA83C2C00B295F0 /* PageView */ = {
			isa = PBXGroup;
			children = (
				748361CC2CA83C2400B295F0 /* PageViewController.swift */,
				748361CF2CA83EFD00B295F0 /* FeatureCard.swift */,
				748361D12CA8415400B295F0 /* PageView.swift */,
				748361D32CA8464500B295F0 /* PageControll.swift */,
			);
			path = PageView;
			sourceTree = "<group>";
		};
		748361DA2CAAB98A00B295F0 /* WatchLandmarks Watch App */ = {
			isa = PBXGroup;
			children = (
				748361DD2CAAB98A00B295F0 /* ContentView.swift */,
				748361F72CAAC33200B295F0 /* LandmarkDetail.swift */,
				74905FFB2CAAD39000C20983 /* NotificationController.swift */,
				748361F92CAACD0800B295F0 /* NotificationView.swift */,
				748361DF2CAAB98C00B295F0 /* Assets.xcassets */,
				748361E12CAAB98C00B295F0 /* Preview Content */,
				74905FFD2CAAD63B00C20983 /* PushNotificationPayload.apns */,
			);
			path = "WatchLandmarks Watch App";
			sourceTree = "<group>";
		};
		748361E12CAAB98C00B295F0 /* Preview Content */ = {
			isa = PBXGroup;
			children = (
				748361E22CAAB98C00B295F0 /* Preview Assets.xcassets */,
			);
			path = "Preview Content";
			sourceTree = "<group>";
		};
/* End PBXGroup section */

/* Begin PBXNativeTarget section */
		748361752CA4626F00B295F0 /* Landmarks */ = {
			isa = PBXNativeTarget;
			buildConfigurationList = 748361842CA4627000B295F0 /* Build configuration list for PBXNativeTarget "Landmarks" */;
			buildPhases = (
				748361722CA4626F00B295F0 /* Sources */,
				748361732CA4626F00B295F0 /* Frameworks */,
				748361742CA4626F00B295F0 /* Resources */,
				748361EA2CAAB98C00B295F0 /* Embed Watch Content */,
			);
			buildRules = (
			);
			dependencies = (
				748361E52CAAB98C00B295F0 /* PBXTargetDependency */,
			);
			name = Landmarks;
			productName = Landmarks;
			productReference = 748361762CA4626F00B295F0 /* Landmarks.app */;
			productType = "com.apple.product-type.application";
		};
		748361D82CAAB98A00B295F0 /* WatchLandmarks Watch App */ = {
			isa = PBXNativeTarget;
			buildConfigurationList = 748361E72CAAB98C00B295F0 /* Build configuration list for PBXNativeTarget "WatchLandmarks Watch App" */;
			buildPhases = (
				748361D52CAAB98A00B295F0 /* Sources */,
				748361D62CAAB98A00B295F0 /* Frameworks */,
				748361D72CAAB98A00B295F0 /* Resources */,
			);
			buildRules = (
			);
			dependencies = (
			);
			name = "WatchLandmarks Watch App";
			productName = "WatchLandmarks Watch App";
			productReference = 748361D92CAAB98A00B295F0 /* WatchLandmarks Watch App.app */;
			productType = "com.apple.product-type.application";
		};
/* End PBXNativeTarget section */

/* Begin PBXProject section */
		7483616E2CA4626F00B295F0 /* Project object */ = {
			isa = PBXProject;
			attributes = {
				BuildIndependentTargetsInParallel = 1;
				LastSwiftUpdateCheck = 1530;
				LastUpgradeCheck = 1530;
				TargetAttributes = {
					748361752CA4626F00B295F0 = {
						CreatedOnToolsVersion = 15.3;
					};
					748361D82CAAB98A00B295F0 = {
						CreatedOnToolsVersion = 15.3;
					};
				};
			};
			buildConfigurationList = 748361712CA4626F00B295F0 /* Build configuration list for PBXProject "Landmarks" */;
			compatibilityVersion = "Xcode 14.0";
			developmentRegion = en;
			hasScannedForEncodings = 0;
			knownRegions = (
				en,
				Base,
			);
			mainGroup = 7483616D2CA4626F00B295F0;
			productRefGroup = 748361772CA4626F00B295F0 /* Products */;
			projectDirPath = "";
			projectRoot = "";
			targets = (
				748361752CA4626F00B295F0 /* Landmarks */,
				748361D82CAAB98A00B295F0 /* WatchLandmarks Watch App */,
			);
		};
/* End PBXProject section */

/* Begin PBXResourcesBuildPhase section */
		748361742CA4626F00B295F0 /* Resources */ = {
			isa = PBXResourcesBuildPhase;
			buildActionMask = 2147483647;
			files = (
				748361AB2CA6E67800B295F0 /* hikeData.json in Resources */,
				748361812CA4627000B295F0 /* Preview Assets.xcassets in Resources */,
				7483617E2CA4627000B295F0 /* Assets.xcassets in Resources */,
				7483618C2CA47F8400B295F0 /* landmarkData.json in Resources */,
			);
			runOnlyForDeploymentPostprocessing = 0;
		};
		748361D72CAAB98A00B295F0 /* Resources */ = {
			isa = PBXResourcesBuildPhase;
			buildActionMask = 2147483647;
			files = (
				748361F42CAAC25400B295F0 /* hikeData.json in Resources */,
				748361F52CAAC25400B295F0 /* Assets.xcassets in Resources */,
				748361F62CAAC25400B295F0 /* landmarkData.json in Resources */,
				748361E32CAAB98C00B295F0 /* Preview Assets.xcassets in Resources */,
				748361E02CAAB98C00B295F0 /* Assets.xcassets in Resources */,
			);
			runOnlyForDeploymentPostprocessing = 0;
		};
/* End PBXResourcesBuildPhase section */

/* Begin PBXSourcesBuildPhase section */
		748361722CA4626F00B295F0 /* Sources */ = {
			isa = PBXSourcesBuildPhase;
			buildActionMask = 2147483647;
			files = (
				748361BC2CA6F6F500B295F0 /* CategoryRow.swift in Sources */,
				748361C02CA8135B00B295F0 /* Profile.swift in Sources */,
				7483617C2CA4626F00B295F0 /* ContentView.swift in Sources */,
				748361B92CA6F3F100B295F0 /* CategoryHome.swift in Sources */,
				748361D02CA83EFD00B295F0 /* FeatureCard.swift in Sources */,
				748361A82CA6E12600B295F0 /* Badge.swift in Sources */,
				7483618A2CA468CA00B295F0 /* MapView.swift in Sources */,
				748361B32CA6E93000B295F0 /* GraphCapsule.swift in Sources */,
				748361B52CA6E93000B295F0 /* HikeGraph.swift in Sources */,
				7483617A2CA4626F00B295F0 /* LandmarksApp.swift in Sources */,
				7483619C2CA5A67000B295F0 /* FavoriteButton.swift in Sources */,
				748361BE2CA6F93100B295F0 /* CategoryItem.swift in Sources */,
				748361A02CA6BCA400B295F0 /* HexagonParameters.swift in Sources */,
				748361C72CA816BC00B295F0 /* ProfileSummary.swift in Sources */,
				748361AD2CA6E6F000B295F0 /* Hike.swift in Sources */,
				748361C22CA815D700B295F0 /* ProfileHost.swift in Sources */,
				748361A42CA6DEBB00B295F0 /* BadgeSymbol.swift in Sources */,
				748361982CA5944500B295F0 /* LandmarkList.swift in Sources */,
				748361D22CA8415400B295F0 /* PageView.swift in Sources */,
				748361A62CA6E04D00B295F0 /* RotatedBudgeSymbol.swift in Sources */,
				748361CB2CA81FF500B295F0 /* ProfileEditor.swift in Sources */,
				748361B42CA6E93000B295F0 /* HikeDetail.swift in Sources */,
				748361B62CA6E93000B295F0 /* HikeView.swift in Sources */,
				748361D42CA8464500B295F0 /* PageControll.swift in Sources */,
				7483619A2CA595FE00B295F0 /* LandmarkDetail.swift in Sources */,
				748361CD2CA83C2400B295F0 /* PageViewController.swift in Sources */,
				748361A22CA6D77E00B295F0 /* BadgeBackground.swift in Sources */,
				748361C92CA8191000B295F0 /* HikeBadge.swift in Sources */,
				748361882CA466BD00B295F0 /* CircleImage.swift in Sources */,
				7483618E2CA47FBA00B295F0 /* Landmark.swift in Sources */,
				748361962CA4864800B295F0 /* LandmarkRow.swift in Sources */,
				748361902CA482AB00B295F0 /* ModelData.swift in Sources */,
			);
			runOnlyForDeploymentPostprocessing = 0;
		};
		748361D52CAAB98A00B295F0 /* Sources */ = {
			isa = PBXSourcesBuildPhase;
			buildActionMask = 2147483647;
			files = (
				748361DE2CAAB98A00B295F0 /* ContentView.swift in Sources */,
				748361EB2CAAC25400B295F0 /* ModelData.swift in Sources */,
				748361EC2CAAC25400B295F0 /* MapView.swift in Sources */,
				748361ED2CAAC25400B295F0 /* Profile.swift in Sources */,
				748361EE2CAAC25400B295F0 /* LandmarksApp.swift in Sources */,
				748361EF2CAAC25400B295F0 /* Hike.swift in Sources */,
				748361F02CAAC25400B295F0 /* LandmarkList.swift in Sources */,
				748361F12CAAC25400B295F0 /* LandmarkRow.swift in Sources */,
				748361F22CAAC25400B295F0 /* Landmark.swift in Sources */,
				74905FFC2CAAD39000C20983 /* NotificationController.swift in Sources */,
				748361F32CAAC25400B295F0 /* CircleImage.swift in Sources */,
				748361F82CAAC33200B295F0 /* LandmarkDetail.swift in Sources */,
				748361FA2CAACD0800B295F0 /* NotificationView.swift in Sources */,
			);
			runOnlyForDeploymentPostprocessing = 0;
		};
/* End PBXSourcesBuildPhase section */

/* Begin PBXTargetDependency section */
		748361E52CAAB98C00B295F0 /* PBXTargetDependency */ = {
			isa = PBXTargetDependency;
			target = 748361D82CAAB98A00B295F0 /* WatchLandmarks Watch App */;
			targetProxy = 748361E42CAAB98C00B295F0 /* PBXContainerItemProxy */;
		};
/* End PBXTargetDependency section */

/* Begin XCBuildConfiguration section */
		748361822CA4627000B295F0 /* Debug */ = {
			isa = XCBuildConfiguration;
			buildSettings = {
				ALWAYS_SEARCH_USER_PATHS = NO;
				ASSETCATALOG_COMPILER_GENERATE_SWIFT_ASSET_SYMBOL_EXTENSIONS = YES;
				CLANG_ANALYZER_NONNULL = YES;
				CLANG_ANALYZER_NUMBER_OBJECT_CONVERSION = YES_AGGRESSIVE;
				CLANG_CXX_LANGUAGE_STANDARD = "gnu++20";
				CLANG_ENABLE_MODULES = YES;
				CLANG_ENABLE_OBJC_ARC = YES;
				CLANG_ENABLE_OBJC_WEAK = YES;
				CLANG_WARN_BLOCK_CAPTURE_AUTORELEASING = YES;
				CLANG_WARN_BOOL_CONVERSION = YES;
				CLANG_WARN_COMMA = YES;
				CLANG_WARN_CONSTANT_CONVERSION = YES;
				CLANG_WARN_DEPRECATED_OBJC_IMPLEMENTATIONS = YES;
				CLANG_WARN_DIRECT_OBJC_ISA_USAGE = YES_ERROR;
				CLANG_WARN_DOCUMENTATION_COMMENTS = YES;
				CLANG_WARN_EMPTY_BODY = YES;
				CLANG_WARN_ENUM_CONVERSION = YES;
				CLANG_WARN_INFINITE_RECURSION = YES;
				CLANG_WARN_INT_CONVERSION = YES;
				CLANG_WARN_NON_LITERAL_NULL_CONVERSION = YES;
				CLANG_WARN_OBJC_IMPLICIT_RETAIN_SELF = YES;
				CLANG_WARN_OBJC_LITERAL_CONVERSION = YES;
				CLANG_WARN_OBJC_ROOT_CLASS = YES_ERROR;
				CLANG_WARN_QUOTED_INCLUDE_IN_FRAMEWORK_HEADER = YES;
				CLANG_WARN_RANGE_LOOP_ANALYSIS = YES;
				CLANG_WARN_STRICT_PROTOTYPES = YES;
				CLANG_WARN_SUSPICIOUS_MOVE = YES;
				CLANG_WARN_UNGUARDED_AVAILABILITY = YES_AGGRESSIVE;
				CLANG_WARN_UNREACHABLE_CODE = YES;
				CLANG_WARN__DUPLICATE_METHOD_MATCH = YES;
				COPY_PHASE_STRIP = NO;
				DEBUG_INFORMATION_FORMAT = dwarf;
				ENABLE_STRICT_OBJC_MSGSEND = YES;
				ENABLE_TESTABILITY = YES;
				ENABLE_USER_SCRIPT_SANDBOXING = YES;
				GCC_C_LANGUAGE_STANDARD = gnu17;
				GCC_DYNAMIC_NO_PIC = NO;
				GCC_NO_COMMON_BLOCKS = YES;
				GCC_OPTIMIZATION_LEVEL = 0;
				GCC_PREPROCESSOR_DEFINITIONS = (
					"DEBUG=1",
					"$(inherited)",
				);
				GCC_WARN_64_TO_32_BIT_CONVERSION = YES;
				GCC_WARN_ABOUT_RETURN_TYPE = YES_ERROR;
				GCC_WARN_UNDECLARED_SELECTOR = YES;
				GCC_WARN_UNINITIALIZED_AUTOS = YES_AGGRESSIVE;
				GCC_WARN_UNUSED_FUNCTION = YES;
				GCC_WARN_UNUSED_VARIABLE = YES;
				IPHONEOS_DEPLOYMENT_TARGET = 17.4;
				LOCALIZATION_PREFERS_STRING_CATALOGS = YES;
				MTL_ENABLE_DEBUG_INFO = INCLUDE_SOURCE;
				MTL_FAST_MATH = YES;
				ONLY_ACTIVE_ARCH = YES;
				SDKROOT = iphoneos;
				SWIFT_ACTIVE_COMPILATION_CONDITIONS = "DEBUG $(inherited)";
				SWIFT_OPTIMIZATION_LEVEL = "-Onone";
			};
			name = Debug;
		};
		748361832CA4627000B295F0 /* Release */ = {
			isa = XCBuildConfiguration;
			buildSettings = {
				ALWAYS_SEARCH_USER_PATHS = NO;
				ASSETCATALOG_COMPILER_GENERATE_SWIFT_ASSET_SYMBOL_EXTENSIONS = YES;
				CLANG_ANALYZER_NONNULL = YES;
				CLANG_ANALYZER_NUMBER_OBJECT_CONVERSION = YES_AGGRESSIVE;
				CLANG_CXX_LANGUAGE_STANDARD = "gnu++20";
				CLANG_ENABLE_MODULES = YES;
				CLANG_ENABLE_OBJC_ARC = YES;
				CLANG_ENABLE_OBJC_WEAK = YES;
				CLANG_WARN_BLOCK_CAPTURE_AUTORELEASING = YES;
				CLANG_WARN_BOOL_CONVERSION = YES;
				CLANG_WARN_COMMA = YES;
				CLANG_WARN_CONSTANT_CONVERSION = YES;
				CLANG_WARN_DEPRECATED_OBJC_IMPLEMENTATIONS = YES;
				CLANG_WARN_DIRECT_OBJC_ISA_USAGE = YES_ERROR;
				CLANG_WARN_DOCUMENTATION_COMMENTS = YES;
				CLANG_WARN_EMPTY_BODY = YES;
				CLANG_WARN_ENUM_CONVERSION = YES;
				CLANG_WARN_INFINITE_RECURSION = YES;
				CLANG_WARN_INT_CONVERSION = YES;
				CLANG_WARN_NON_LITERAL_NULL_CONVERSION = YES;
				CLANG_WARN_OBJC_IMPLICIT_RETAIN_SELF = YES;
				CLANG_WARN_OBJC_LITERAL_CONVERSION = YES;
				CLANG_WARN_OBJC_ROOT_CLASS = YES_ERROR;
				CLANG_WARN_QUOTED_INCLUDE_IN_FRAMEWORK_HEADER = YES;
				CLANG_WARN_RANGE_LOOP_ANALYSIS = YES;
				CLANG_WARN_STRICT_PROTOTYPES = YES;
				CLANG_WARN_SUSPICIOUS_MOVE = YES;
				CLANG_WARN_UNGUARDED_AVAILABILITY = YES_AGGRESSIVE;
				CLANG_WARN_UNREACHABLE_CODE = YES;
				CLANG_WARN__DUPLICATE_METHOD_MATCH = YES;
				COPY_PHASE_STRIP = NO;
				DEBUG_INFORMATION_FORMAT = "dwarf-with-dsym";
				ENABLE_NS_ASSERTIONS = NO;
				ENABLE_STRICT_OBJC_MSGSEND = YES;
				ENABLE_USER_SCRIPT_SANDBOXING = YES;
				GCC_C_LANGUAGE_STANDARD = gnu17;
				GCC_NO_COMMON_BLOCKS = YES;
				GCC_WARN_64_TO_32_BIT_CONVERSION = YES;
				GCC_WARN_ABOUT_RETURN_TYPE = YES_ERROR;
				GCC_WARN_UNDECLARED_SELECTOR = YES;
				GCC_WARN_UNINITIALIZED_AUTOS = YES_AGGRESSIVE;
				GCC_WARN_UNUSED_FUNCTION = YES;
				GCC_WARN_UNUSED_VARIABLE = YES;
				IPHONEOS_DEPLOYMENT_TARGET = 17.4;
				LOCALIZATION_PREFERS_STRING_CATALOGS = YES;
				MTL_ENABLE_DEBUG_INFO = NO;
				MTL_FAST_MATH = YES;
				SDKROOT = iphoneos;
				SWIFT_COMPILATION_MODE = wholemodule;
				VALIDATE_PRODUCT = YES;
			};
			name = Release;
		};
		748361852CA4627000B295F0 /* Debug */ = {
			isa = XCBuildConfiguration;
			buildSettings = {
				ALWAYS_EMBED_SWIFT_STANDARD_LIBRARIES = YES;
				ASSETCATALOG_COMPILER_APPICON_NAME = AppIcon;
				ASSETCATALOG_COMPILER_GLOBAL_ACCENT_COLOR_NAME = AccentColor;
				CODE_SIGN_STYLE = Automatic;
				CURRENT_PROJECT_VERSION = 1;
				DEVELOPMENT_ASSET_PATHS = "\"Landmarks/Preview Content\"";
				DEVELOPMENT_TEAM = CC2PWGRLYV;
				ENABLE_PREVIEWS = YES;
				GENERATE_INFOPLIST_FILE = YES;
				INFOPLIST_KEY_UIApplicationSceneManifest_Generation = YES;
				INFOPLIST_KEY_UIApplicationSupportsIndirectInputEvents = YES;
				INFOPLIST_KEY_UILaunchScreen_Generation = YES;
				INFOPLIST_KEY_UISupportedInterfaceOrientations_iPad = "UIInterfaceOrientationPortrait UIInterfaceOrientationPortraitUpsideDown UIInterfaceOrientationLandscapeLeft UIInterfaceOrientationLandscapeRight";
				INFOPLIST_KEY_UISupportedInterfaceOrientations_iPhone = "UIInterfaceOrientationPortrait UIInterfaceOrientationLandscapeLeft UIInterfaceOrientationLandscapeRight";
				LD_RUNPATH_SEARCH_PATHS = (
					"$(inherited)",
					"@executable_path/Frameworks",
				);
				MARKETING_VERSION = 1.0;
				PRODUCT_BUNDLE_IDENTIFIER = com.denisenkoev.Landmarks;
				PRODUCT_NAME = "$(TARGET_NAME)";
				SWIFT_EMIT_LOC_STRINGS = YES;
				SWIFT_VERSION = 5.0;
				TARGETED_DEVICE_FAMILY = "1,2";
			};
			name = Debug;
		};
		748361862CA4627000B295F0 /* Release */ = {
			isa = XCBuildConfiguration;
			buildSettings = {
				ALWAYS_EMBED_SWIFT_STANDARD_LIBRARIES = YES;
				ASSETCATALOG_COMPILER_APPICON_NAME = AppIcon;
				ASSETCATALOG_COMPILER_GLOBAL_ACCENT_COLOR_NAME = AccentColor;
				CODE_SIGN_STYLE = Automatic;
				CURRENT_PROJECT_VERSION = 1;
				DEVELOPMENT_ASSET_PATHS = "\"Landmarks/Preview Content\"";
				DEVELOPMENT_TEAM = CC2PWGRLYV;
				ENABLE_PREVIEWS = YES;
				GENERATE_INFOPLIST_FILE = YES;
				INFOPLIST_KEY_UIApplicationSceneManifest_Generation = YES;
				INFOPLIST_KEY_UIApplicationSupportsIndirectInputEvents = YES;
				INFOPLIST_KEY_UILaunchScreen_Generation = YES;
				INFOPLIST_KEY_UISupportedInterfaceOrientations_iPad = "UIInterfaceOrientationPortrait UIInterfaceOrientationPortraitUpsideDown UIInterfaceOrientationLandscapeLeft UIInterfaceOrientationLandscapeRight";
				INFOPLIST_KEY_UISupportedInterfaceOrientations_iPhone = "UIInterfaceOrientationPortrait UIInterfaceOrientationLandscapeLeft UIInterfaceOrientationLandscapeRight";
				LD_RUNPATH_SEARCH_PATHS = (
					"$(inherited)",
					"@executable_path/Frameworks",
				);
				MARKETING_VERSION = 1.0;
				PRODUCT_BUNDLE_IDENTIFIER = com.denisenkoev.Landmarks;
				PRODUCT_NAME = "$(TARGET_NAME)";
				SWIFT_EMIT_LOC_STRINGS = YES;
				SWIFT_VERSION = 5.0;
				TARGETED_DEVICE_FAMILY = "1,2";
			};
			name = Release;
		};
		748361E82CAAB98C00B295F0 /* Debug */ = {
			isa = XCBuildConfiguration;
			buildSettings = {
				ASSETCATALOG_COMPILER_APPICON_NAME = AppIcon;
				ASSETCATALOG_COMPILER_GLOBAL_ACCENT_COLOR_NAME = AccentColor;
				CODE_SIGN_STYLE = Automatic;
				CURRENT_PROJECT_VERSION = 1;
				DEVELOPMENT_ASSET_PATHS = "\"WatchLandmarks Watch App/Preview Content\"";
				DEVELOPMENT_TEAM = CC2PWGRLYV;
				ENABLE_PREVIEWS = YES;
				GENERATE_INFOPLIST_FILE = YES;
				INFOPLIST_KEY_CFBundleDisplayName = WatchLandmarks;
				INFOPLIST_KEY_UISupportedInterfaceOrientations = "UIInterfaceOrientationPortrait UIInterfaceOrientationPortraitUpsideDown";
				INFOPLIST_KEY_WKCompanionAppBundleIdentifier = com.denisenkoev.Landmarks;
				INFOPLIST_KEY_WKRunsIndependentlyOfCompanionApp = YES;
				LD_RUNPATH_SEARCH_PATHS = (
					"$(inherited)",
					"@executable_path/Frameworks",
				);
				MARKETING_VERSION = 1.0;
				PRODUCT_BUNDLE_IDENTIFIER = com.denisenkoev.Landmarks.watchkitapp;
				PRODUCT_NAME = "$(TARGET_NAME)";
				SDKROOT = watchos;
				SKIP_INSTALL = YES;
				SWIFT_EMIT_LOC_STRINGS = YES;
				SWIFT_VERSION = 5.0;
				TARGETED_DEVICE_FAMILY = 4;
				WATCHOS_DEPLOYMENT_TARGET = 10.4;
			};
			name = Debug;
		};
		748361E92CAAB98C00B295F0 /* Release */ = {
			isa = XCBuildConfiguration;
			buildSettings = {
				ASSETCATALOG_COMPILER_APPICON_NAME = AppIcon;
				ASSETCATALOG_COMPILER_GLOBAL_ACCENT_COLOR_NAME = AccentColor;
				CODE_SIGN_STYLE = Automatic;
				CURRENT_PROJECT_VERSION = 1;
				DEVELOPMENT_ASSET_PATHS = "\"WatchLandmarks Watch App/Preview Content\"";
				DEVELOPMENT_TEAM = CC2PWGRLYV;
				ENABLE_PREVIEWS = YES;
				GENERATE_INFOPLIST_FILE = YES;
				INFOPLIST_KEY_CFBundleDisplayName = WatchLandmarks;
				INFOPLIST_KEY_UISupportedInterfaceOrientations = "UIInterfaceOrientationPortrait UIInterfaceOrientationPortraitUpsideDown";
				INFOPLIST_KEY_WKCompanionAppBundleIdentifier = com.denisenkoev.Landmarks;
				INFOPLIST_KEY_WKRunsIndependentlyOfCompanionApp = YES;
				LD_RUNPATH_SEARCH_PATHS = (
					"$(inherited)",
					"@executable_path/Frameworks",
				);
				MARKETING_VERSION = 1.0;
				PRODUCT_BUNDLE_IDENTIFIER = com.denisenkoev.Landmarks.watchkitapp;
				PRODUCT_NAME = "$(TARGET_NAME)";
				SDKROOT = watchos;
				SKIP_INSTALL = YES;
				SWIFT_EMIT_LOC_STRINGS = YES;
				SWIFT_VERSION = 5.0;
				TARGETED_DEVICE_FAMILY = 4;
				WATCHOS_DEPLOYMENT_TARGET = 10.4;
			};
			name = Release;
		};
/* End XCBuildConfiguration section */

/* Begin XCConfigurationList section */
		748361712CA4626F00B295F0 /* Build configuration list for PBXProject "Landmarks" */ = {
			isa = XCConfigurationList;
			buildConfigurations = (
				748361822CA4627000B295F0 /* Debug */,
				748361832CA4627000B295F0 /* Release */,
			);
			defaultConfigurationIsVisible = 0;
			defaultConfigurationName = Release;
		};
		748361842CA4627000B295F0 /* Build configuration list for PBXNativeTarget "Landmarks" */ = {
			isa = XCConfigurationList;
			buildConfigurations = (
				748361852CA4627000B295F0 /* Debug */,
				748361862CA4627000B295F0 /* Release */,
			);
			defaultConfigurationIsVisible = 0;
			defaultConfigurationName = Release;
		};
		748361E72CAAB98C00B295F0 /* Build configuration list for PBXNativeTarget "WatchLandmarks Watch App" */ = {
			isa = XCConfigurationList;
			buildConfigurations = (
				748361E82CAAB98C00B295F0 /* Debug */,
				748361E92CAAB98C00B295F0 /* Release */,
			);
			defaultConfigurationIsVisible = 0;
			defaultConfigurationName = Release;
		};
/* End XCConfigurationList section */
	};
	rootObject = 7483616E2CA4626F00B295F0 /* Project object */;
}
